
Microsoft Visual Studio Solution File, Format Version 12.00
# Visual Studio 14
VisualStudioVersion = 14.0.25420.1
MinimumVisualStudioVersion = 10.0.40219.1
Project("{FAE04EC0-301F-11D3-BF4B-00C04F79EFBC}") = "Utilities", "Utilities\Utilities.csproj", "{E49414B5-72DD-4280-94D9-20F0EF0D2DC9}"
EndProject
Project("{FAE04EC0-301F-11D3-BF4B-00C04F79EFBC}") = "Infrastructure", "Contracts\Infrastructure.csproj", "{E3D04E2D-1FB9-45B6-A000-B2F832E6679D}"
EndProject
Project("{FAE04EC0-301F-11D3-BF4B-00C04F79EFBC}") = "Publisher", "Publisher\Publisher.csproj", "{07C85FCA-11D1-4A54-861A-EA0D98EC4B04}"
EndProject
Project("{FAE04EC0-301F-11D3-BF4B-00C04F79EFBC}") = "Subscriber", "Subscriber\Subscriber.csproj", "{3AF1105A-287E-4D45-8E77-C4B42A678F7A}"
EndProject
Project("{FAE04EC0-301F-11D3-BF4B-00C04F79EFBC}") = "MessageBus", "MessageBus\MessageBus.csproj", "{35793986-25FD-4964-AADC-E7FA9D50843A}"
EndProject
Project("{FAE04EC0-301F-11D3-BF4B-00C04F79EFBC}") = "XmlToHtmlTransform.Tests", "XmlTransform.Tests\XmlToHtmlTransform.Tests.csproj", "{94D182DB-3254-4967-B908-17D880256170}"
EndProject
Project("{2150E333-8FDC-42A3-9474-1A3956D46DE8}") = "Code", "Code", "{05F9BFC3-9DDA-4014-935E-2F4F77094DBD}"
EndProject
Project("{2150E333-8FDC-42A3-9474-1A3956D46DE8}") = "UnitTests", "UnitTests", "{1A14A065-4897-4D31-9938-3766E884E383}"
EndProject
Global
	GlobalSection(SolutionConfigurationPlatforms) = preSolution
		Debug|Any CPU = Debug|Any CPU
		Release|Any CPU = Release|Any CPU
	EndGlobalSection
	GlobalSection(ProjectConfigurationPlatforms) = postSolution
		{E49414B5-72DD-4280-94D9-20F0EF0D2DC9}.Debug|Any CPU.ActiveCfg = Debug|Any CPU
		{E49414B5-72DD-4280-94D9-20F0EF0D2DC9}.Debug|Any CPU.Build.0 = Debug|Any CPU
		{E49414B5-72DD-4280-94D9-20F0EF0D2DC9}.Release|Any CPU.ActiveCfg = Release|Any CPU
		{E49414B5-72DD-4280-94D9-20F0EF0D2DC9}.Release|Any CPU.Build.0 = Release|Any CPU
		{E3D04E2D-1FB9-45B6-A000-B2F832E6679D}.Debug|Any CPU.ActiveCfg = Debug|Any CPU
		{E3D04E2D-1FB9-45B6-A000-B2F832E6679D}.Debug|Any CPU.Build.0 = Debug|Any CPU
		{E3D04E2D-1FB9-45B6-A000-B2F832E6679D}.Release|Any CPU.ActiveCfg = Release|Any CPU
		{E3D04E2D-1FB9-45B6-A000-B2F832E6679D}.Release|Any CPU.Build.0 = Release|Any CPU
		{07C85FCA-11D1-4A54-861A-EA0D98EC4B04}.Debug|Any CPU.ActiveCfg = Debug|Any CPU
		{07C85FCA-11D1-4A54-861A-EA0D98EC4B04}.Debug|Any CPU.Build.0 = Debug|Any CPU
		{07C85FCA-11D1-4A54-861A-EA0D98EC4B04}.Release|Any CPU.ActiveCfg = Release|Any CPU
		{07C85FCA-11D1-4A54-861A-EA0D98EC4B04}.Release|Any CPU.Build.0 = Release|Any CPU
		{3AF1105A-287E-4D45-8E77-C4B42A678F7A}.Debug|Any CPU.ActiveCfg = Debug|Any CPU
		{3AF1105A-287E-4D45-8E77-C4B42A678F7A}.Debug|Any CPU.Build.0 = Debug|Any CPU
		{3AF1105A-287E-4D45-8E77-C4B42A678F7A}.Release|Any CPU.ActiveCfg = Release|Any CPU
		{3AF1105A-287E-4D45-8E77-C4B42A678F7A}.Release|Any CPU.Build.0 = Release|Any CPU
		{35793986-25FD-4964-AADC-E7FA9D50843A}.Debug|Any CPU.ActiveCfg = Debug|Any CPU
		{35793986-25FD-4964-AADC-E7FA9D50843A}.Debug|Any CPU.Build.0 = Debug|Any CPU
		{35793986-25FD-4964-AADC-E7FA9D50843A}.Release|Any CPU.ActiveCfg = Release|Any CPU
		{35793986-25FD-4964-AADC-E7FA9D50843A}.Release|Any CPU.Build.0 = Release|Any CPU
		{94D182DB-3254-4967-B908-17D880256170}.Debug|Any CPU.ActiveCfg = Debug|Any CPU
		{94D182DB-3254-4967-B908-17D880256170}.Debug|Any CPU.Build.0 = Debug|Any CPU
		{94D182DB-3254-4967-B908-17D880256170}.Release|Any CPU.ActiveCfg = Release|Any CPU
		{94D182DB-3254-4967-B908-17D880256170}.Release|Any CPU.Build.0 = Release|Any CPU
	EndGlobalSection
	GlobalSection(SolutionProperties) = preSolution
		HideSolutionNode = FALSE
	EndGlobalSection
	GlobalSection(NestedProjects) = preSolution
		{E49414B5-72DD-4280-94D9-20F0EF0D2DC9} = {05F9BFC3-9DDA-4014-935E-2F4F77094DBD}
		{E3D04E2D-1FB9-45B6-A000-B2F832E6679D} = {05F9BFC3-9DDA-4014-935E-2F4F77094DBD}
		{07C85FCA-11D1-4A54-861A-EA0D98EC4B04} = {05F9BFC3-9DDA-4014-935E-2F4F77094DBD}
		{3AF1105A-287E-4D45-8E77-C4B42A678F7A} = {05F9BFC3-9DDA-4014-935E-2F4F77094DBD}
		{35793986-25FD-4964-AADC-E7FA9D50843A} = {05F9BFC3-9DDA-4014-935E-2F4F77094DBD}
		{94D182DB-3254-4967-B908-17D880256170} = {1A14A065-4897-4D31-9938-3766E884E383}
	EndGlobalSection
EndGlobal
